Microsoft Visual Studio Solution File, Format Version 12.00
# Visual Studio Version 17
VisualStudioVersion = 17.5.2.0
MinimumVisualStudioVersion = 10.0.40219.1
Project("{FAE04EC0-301F-11D3-BF4B-00C04F79EFBC}") = "box2d-csharp", "box2d-csharp.csproj", "{64681B61-D420-06FE-12D6-8168D606CCFB}"
EndProject
Global
	GlobalSection(SolutionConfigurationPlatforms) = preSolution
		Debug|Any CPU = Debug|Any CPU
		Release|Any CPU = Release|Any CPU
	EndGlobalSection
	GlobalSection(ProjectConfigurationPlatforms) = postSolution
		{64681B61-D420-06FE-12D6-8168D606CCFB}.Debug|Any CPU.ActiveCfg = Debug|Any CPU
		{64681B61-D420-06FE-12D6-8168D606CCFB}.Debug|Any CPU.Build.0 = Debug|Any CPU
		{64681B61-D420-06FE-12D6-8168D606CCFB}.Release|Any CPU.ActiveCfg = Release|Any CPU
		{64681B61-D420-06FE-12D6-8168D606CCFB}.Release|Any CPU.Build.0 = Release|Any CPU
	EndGlobalSection
	GlobalSection(SolutionProperties) = preSolution
		HideSolutionNode = FALSE
	EndGlobalSection
	GlobalSection(ExtensibilityGlobals) = postSolution
		SolutionGuid = {12AF38F9-D331-4A82-97EB-773A35D48094}
	EndGlobalSection
EndGlobal
